
Microsoft Visual Studio Solution File, Format Version 12.00
# Visual Studio Version 16
VisualStudioVersion = 16.0.32802.440
MinimumVisualStudioVersion = 10.0.40219.1
Project("{FAE04EC0-301F-11D3-BF4B-00C04F79EFBC}") = "TSvnCMG", "TSvnCMG\TSvnCMG.csproj", "{BF6608E1-90EB-42FD-B009-7A9A3D73FD54}"
EndProject
Global
	GlobalSection(SolutionConfigurationPlatforms) = preSolution
		Debug|Any CPU = Debug|Any CPU
		Release|Any CPU = Release|Any CPU
	EndGlobalSection
	GlobalSection(ProjectConfigurationPlatforms) = postSolution
		{BF6608E1-90EB-42FD-B009-7A9A3D73FD54}.Debug|Any CPU.ActiveCfg = Debug|Any CPU
		{BF6608E1-90EB-42FD-B009-7A9A3D73FD54}.Debug|Any CPU.Build.0 = Debug|Any CPU
		{BF6608E1-90EB-42FD-B009-7A9A3D73FD54}.Release|Any CPU.ActiveCfg = Release|Any CPU
		{BF6608E1-90EB-42FD-B009-7A9A3D73FD54}.Release|Any CPU.Build.0 = Release|Any CPU
	EndGlobalSection
	GlobalSection(SolutionProperties) = preSolution
		HideSolutionNode = FALSE
	EndGlobalSection
	GlobalSection(ExtensibilityGlobals) = postSolution
		SolutionGuid = {E56CFC68-B3D6-441D-AE76-5AE2C583D085}
	EndGlobalSection
EndGlobal
